PackratFormat: 1.4
PackratVersion: 0.4.8.1
RVersion: 3.3.3
Repos: BioCsoft=https://bioconductor.org/packages/3.4/bioc,
    BioCann=https://bioconductor.org/packages/3.4/data/annotation,
    BioCexp=https://bioconductor.org/packages/3.4/data/experiment,
    BioCextra=https://bioconductor.org/packages/3.4/extra,
    CRAN=https://cran.rstudio.com/

Package: R6
Source: CRAN
Version: 2.2.0

Package: curl
Source: CRAN
Version: 2.3

Package: httr
Source: CRAN
Version: 1.2.1
Requires: R6, curl, jsonlite, mime, openssl

Package: jsonlite
Source: CRAN
Version: 1.4

Package: mime
Source: CRAN
Version: 0.5

Package: openssl
Source: CRAN
Version: 0.9.6

Package: packrat
Source: CRAN
Version: 0.4.8-1
Hash: 6ad605ba7b4b476d84be6632393f5765
